{
  "object": {
    "pins": [
      {
        "package": "Magister",
        "repositoryURL": "https://github.com/glasperlen/magister.git",
        "state": {
          "branch": "main",
          "revision": "328a3cdd016c69b8a46e65f573190390b0e46457",
          "version": null
        }
      }
    ]
  },
  "version": 1
}
