{
  "object": {
    "pins": [
      {
        "package": "Magister",
        "repositoryURL": "https://github.com/glasperlen/magister.git",
        "state": {
          "branch": "main",
          "revision": "2f6d8b6d3a37995ceeea027e8e455c1d71f1a623",
          "version": null
        }
      }
    ]
  },
  "version": 1
}
