{
  "object": {
    "pins": [
      {
        "package": "Magister",
        "repositoryURL": "https://github.com/glasperlen/magister.git",
        "state": {
          "branch": "main",
          "revision": "25bb94207cdf498fc10e4c270d28df0e4e33028b",
          "version": null
        }
      }
    ]
  },
  "version": 1
}
