// !$*UTF8*$!
{
	archiveVersion = 1;
	classes = {
	};
	objectVersion = 52;
	objects = {

/* Begin PBXBuildFile section */
		CE1C5D45254AF8DC00B581C9 /* New.swift in Sources */ = {isa = PBXBuildFile; fileRef = CE1C5D44254AF8DC00B581C9 /* New.swift */; };
		CE4495B925496A4300ECA6C0 /* App.swift in Sources */ = {isa = PBXBuildFile; fileRef = CE4495B825496A4300ECA6C0 /* App.swift */; };
		CE4495BD25496A4300ECA6C0 /* Assets.xcassets in Resources */ = {isa = PBXBuildFile; fileRef = CE4495BC25496A4300ECA6C0 /* Assets.xcassets */; };
		CE60EDB0254D8D26007056BC /* Color.swift in Sources */ = {isa = PBXBuildFile; fileRef = CE60EDAF254D8D26007056BC /* Color.swift */; };
		CE60EDB4254D959A007056BC /* Neumorphic.swift in Sources */ = {isa = PBXBuildFile; fileRef = CE60EDB3254D959A007056BC /* Neumorphic.swift */; };
		CE60EDB8254D9759007056BC /* Onboard.Card.swift in Sources */ = {isa = PBXBuildFile; fileRef = CE60EDB7254D9759007056BC /* Onboard.Card.swift */; };
		CE60EDBC254DA523007056BC /* Bead.swift in Sources */ = {isa = PBXBuildFile; fileRef = CE60EDBB254DA523007056BC /* Bead.swift */; };
		CE63246F2549AB280051A470 /* Board.swift in Sources */ = {isa = PBXBuildFile; fileRef = CE63246E2549AB280051A470 /* Board.swift */; };
		CE6324722549AB580051A470 /* Board.Cell.swift in Sources */ = {isa = PBXBuildFile; fileRef = CE6324712549AB580051A470 /* Board.Cell.swift */; };
		CE63247B2549CA3E0051A470 /* Control.Circle.swift in Sources */ = {isa = PBXBuildFile; fileRef = CE6324792549CA3E0051A470 /* Control.Circle.swift */; };
		CE63247C2549CA3E0051A470 /* Control.swift in Sources */ = {isa = PBXBuildFile; fileRef = CE63247A2549CA3E0051A470 /* Control.swift */; };
		CE6324822549D14F0051A470 /* Game.swift in Sources */ = {isa = PBXBuildFile; fileRef = CE6324812549D14F0051A470 /* Game.swift */; };
		CE6324852549D8470051A470 /* Session.swift in Sources */ = {isa = PBXBuildFile; fileRef = CE6324842549D8470051A470 /* Session.swift */; };
		CE65FC35254C3AC1000A78C1 /* Onboard.First.swift in Sources */ = {isa = PBXBuildFile; fileRef = CE65FC34254C3AC1000A78C1 /* Onboard.First.swift */; };
		CE65FC38254C3B8A000A78C1 /* Onboard.Second.swift in Sources */ = {isa = PBXBuildFile; fileRef = CE65FC37254C3B8A000A78C1 /* Onboard.Second.swift */; };
		CE84D8A42552FD2A00884B24 /* Menu.swift in Sources */ = {isa = PBXBuildFile; fileRef = CE84D8A32552FD2A00884B24 /* Menu.swift */; };
		CE938BC4254C69BD00A7BEC2 /* Onboard.Third.swift in Sources */ = {isa = PBXBuildFile; fileRef = CE938BC3254C69BD00A7BEC2 /* Onboard.Third.swift */; };
		CE938BC7254C6AF600A7BEC2 /* Defaults.swift in Sources */ = {isa = PBXBuildFile; fileRef = CE938BC6254C6AF600A7BEC2 /* Defaults.swift */; };
		CE938BCB254C6B6200A7BEC2 /* Inventory.swift in Sources */ = {isa = PBXBuildFile; fileRef = CE938BCA254C6B6200A7BEC2 /* Inventory.swift */; };
		CE989B2E2551B8DF007FBDCE /* Match.swift in Sources */ = {isa = PBXBuildFile; fileRef = CE989B2D2551B8DF007FBDCE /* Match.swift */; };
		CEB90ED3254AD52D00F92A7C /* Magister in Frameworks */ = {isa = PBXBuildFile; productRef = CEB90ED2254AD52D00F92A7C /* Magister */; };
		CEB90ED6254AD60400F92A7C /* AppDelegate.swift in Sources */ = {isa = PBXBuildFile; fileRef = CEB90ED5254AD60400F92A7C /* AppDelegate.swift */; };
		CEB90ED9254ADA5E00F92A7C /* Header.swift in Sources */ = {isa = PBXBuildFile; fileRef = CEB90ED8254ADA5E00F92A7C /* Header.swift */; };
		CEB90EDD254ADBDF00F92A7C /* Header.Score.swift in Sources */ = {isa = PBXBuildFile; fileRef = CEB90EDC254ADBDF00F92A7C /* Header.Score.swift */; };
		CEBE5394255019550059F12C /* Deck.swift in Sources */ = {isa = PBXBuildFile; fileRef = CEBE5393255019550059F12C /* Deck.swift */; };
		CEBE5398255023580059F12C /* Background.swift in Sources */ = {isa = PBXBuildFile; fileRef = CEBE5397255023580059F12C /* Background.swift */; };
		CEE409AC254B1DCA00A9D5EB /* Onboard.swift in Sources */ = {isa = PBXBuildFile; fileRef = CEE409AB254B1DCA00A9D5EB /* Onboard.swift */; };
		CEE409B0254B242C00A9D5EB /* Control.Style.swift in Sources */ = {isa = PBXBuildFile; fileRef = CEE409AF254B242C00A9D5EB /* Control.Style.swift */; };
		CEE409B3254B245600A9D5EB /* Control.Capsule.swift in Sources */ = {isa = PBXBuildFile; fileRef = CEE409B2254B245600A9D5EB /* Control.Capsule.swift */; };
/* End PBXBuildFile section */

/* Begin PBXFileReference section */
		CE1C5D44254AF8DC00B581C9 /* New.swift */ = {isa = PBXFileReference; lastKnownFileType = sourcecode.swift; path = New.swift; sourceTree = "<group>"; };
		CE4495B525496A4300ECA6C0 /* Glasperlen.app */ = {isa = PBXFileReference; explicitFileType = wrapper.application; includeInIndex = 0; path = Glasperlen.app; sourceTree = BUILT_PRODUCTS_DIR; };
		CE4495B825496A4300ECA6C0 /* App.swift */ = {isa = PBXFileReference; lastKnownFileType = sourcecode.swift; path = App.swift; sourceTree = "<group>"; };
		CE4495BC25496A4300ECA6C0 /* Assets.xcassets */ = {isa = PBXFileReference; lastKnownFileType = folder.assetcatalog; path = Assets.xcassets; sourceTree = "<group>"; };
		CE4495C125496A4300ECA6C0 /* Info.plist */ = {isa = PBXFileReference; lastKnownFileType = text.plist.xml; path = Info.plist; sourceTree = "<group>"; };
		CE60EDAF254D8D26007056BC /* Color.swift */ = {isa = PBXFileReference; lastKnownFileType = sourcecode.swift; path = Color.swift; sourceTree = "<group>"; };
		CE60EDB3254D959A007056BC /* Neumorphic.swift */ = {isa = PBXFileReference; lastKnownFileType = sourcecode.swift; path = Neumorphic.swift; sourceTree = "<group>"; };
		CE60EDB7254D9759007056BC /* Onboard.Card.swift */ = {isa = PBXFileReference; lastKnownFileType = sourcecode.swift; path = Onboard.Card.swift; sourceTree = "<group>"; };
		CE60EDBB254DA523007056BC /* Bead.swift */ = {isa = PBXFileReference; lastKnownFileType = sourcecode.swift; path = Bead.swift; sourceTree = "<group>"; };
		CE63246E2549AB280051A470 /* Board.swift */ = {isa = PBXFileReference; lastKnownFileType = sourcecode.swift; path = Board.swift; sourceTree = "<group>"; };
		CE6324712549AB580051A470 /* Board.Cell.swift */ = {isa = PBXFileReference; lastKnownFileType = sourcecode.swift; path = Board.Cell.swift; sourceTree = "<group>"; };
		CE6324792549CA3E0051A470 /* Control.Circle.swift */ = {isa = PBXFileReference; fileEncoding = 4; lastKnownFileType = sourcecode.swift; path = Control.Circle.swift; sourceTree = "<group>"; };
		CE63247A2549CA3E0051A470 /* Control.swift */ = {isa = PBXFileReference; fileEncoding = 4; lastKnownFileType = sourcecode.swift; path = Control.swift; sourceTree = "<group>"; };
		CE6324812549D14F0051A470 /* Game.swift */ = {isa = PBXFileReference; lastKnownFileType = sourcecode.swift; path = Game.swift; sourceTree = "<group>"; };
		CE6324842549D8470051A470 /* Session.swift */ = {isa = PBXFileReference; lastKnownFileType = sourcecode.swift; path = Session.swift; sourceTree = "<group>"; };
		CE65FC34254C3AC1000A78C1 /* Onboard.First.swift */ = {isa = PBXFileReference; lastKnownFileType = sourcecode.swift; path = Onboard.First.swift; sourceTree = "<group>"; };
		CE65FC37254C3B8A000A78C1 /* Onboard.Second.swift */ = {isa = PBXFileReference; lastKnownFileType = sourcecode.swift; path = Onboard.Second.swift; sourceTree = "<group>"; };
		CE84D8A32552FD2A00884B24 /* Menu.swift */ = {isa = PBXFileReference; lastKnownFileType = sourcecode.swift; path = Menu.swift; sourceTree = "<group>"; };
		CE938BC3254C69BD00A7BEC2 /* Onboard.Third.swift */ = {isa = PBXFileReference; lastKnownFileType = sourcecode.swift; path = Onboard.Third.swift; sourceTree = "<group>"; };
		CE938BC6254C6AF600A7BEC2 /* Defaults.swift */ = {isa = PBXFileReference; lastKnownFileType = sourcecode.swift; path = Defaults.swift; sourceTree = "<group>"; };
		CE938BCA254C6B6200A7BEC2 /* Inventory.swift */ = {isa = PBXFileReference; lastKnownFileType = sourcecode.swift; path = Inventory.swift; sourceTree = "<group>"; };
		CE989B2D2551B8DF007FBDCE /* Match.swift */ = {isa = PBXFileReference; lastKnownFileType = sourcecode.swift; path = Match.swift; sourceTree = "<group>"; };
		CEB90ED5254AD60400F92A7C /* AppDelegate.swift */ = {isa = PBXFileReference; lastKnownFileType = sourcecode.swift; path = AppDelegate.swift; sourceTree = "<group>"; };
		CEB90ED8254ADA5E00F92A7C /* Header.swift */ = {isa = PBXFileReference; lastKnownFileType = sourcecode.swift; path = Header.swift; sourceTree = "<group>"; };
		CEB90EDC254ADBDF00F92A7C /* Header.Score.swift */ = {isa = PBXFileReference; lastKnownFileType = sourcecode.swift; path = Header.Score.swift; sourceTree = "<group>"; };
		CEBE5393255019550059F12C /* Deck.swift */ = {isa = PBXFileReference; lastKnownFileType = sourcecode.swift; path = Deck.swift; sourceTree = "<group>"; };
		CEBE5397255023580059F12C /* Background.swift */ = {isa = PBXFileReference; lastKnownFileType = sourcecode.swift; path = Background.swift; sourceTree = "<group>"; };
		CEE409AB254B1DCA00A9D5EB /* Onboard.swift */ = {isa = PBXFileReference; lastKnownFileType = sourcecode.swift; path = Onboard.swift; sourceTree = "<group>"; };
		CEE409AF254B242C00A9D5EB /* Control.Style.swift */ = {isa = PBXFileReference; lastKnownFileType = sourcecode.swift; path = Control.Style.swift; sourceTree = "<group>"; };
		CEE409B2254B245600A9D5EB /* Control.Capsule.swift */ = {isa = PBXFileReference; lastKnownFileType = sourcecode.swift; path = Control.Capsule.swift; sourceTree = "<group>"; };
/* End PBXFileReference section */

/* Begin PBXFrameworksBuildPhase section */
		CE4495B225496A4300ECA6C0 /* Frameworks */ = {
			isa = PBXFrameworksBuildPhase;
			buildActionMask = 2147483647;
			files = (
				CEB90ED3254AD52D00F92A7C /* Magister in Frameworks */,
			);
			runOnlyForDeploymentPostprocessing = 0;
		};
/* End PBXFrameworksBuildPhase section */

/* Begin PBXGroup section */
		CE4495AC25496A4300ECA6C0 = {
			isa = PBXGroup;
			children = (
				CE4495C125496A4300ECA6C0 /* Info.plist */,
				CE4495B825496A4300ECA6C0 /* App.swift */,
				CEB90ED5254AD60400F92A7C /* AppDelegate.swift */,
				CEBE5397255023580059F12C /* Background.swift */,
				CE60EDBB254DA523007056BC /* Bead.swift */,
				CE6324712549AB580051A470 /* Board.Cell.swift */,
				CE63246E2549AB280051A470 /* Board.swift */,
				CE60EDAF254D8D26007056BC /* Color.swift */,
				CEE409B2254B245600A9D5EB /* Control.Capsule.swift */,
				CE6324792549CA3E0051A470 /* Control.Circle.swift */,
				CEE409AF254B242C00A9D5EB /* Control.Style.swift */,
				CE63247A2549CA3E0051A470 /* Control.swift */,
				CEBE5393255019550059F12C /* Deck.swift */,
				CE938BC6254C6AF600A7BEC2 /* Defaults.swift */,
				CE6324812549D14F0051A470 /* Game.swift */,
				CEB90EDC254ADBDF00F92A7C /* Header.Score.swift */,
				CEB90ED8254ADA5E00F92A7C /* Header.swift */,
				CE938BCA254C6B6200A7BEC2 /* Inventory.swift */,
				CE989B2D2551B8DF007FBDCE /* Match.swift */,
				CE84D8A32552FD2A00884B24 /* Menu.swift */,
				CE60EDB3254D959A007056BC /* Neumorphic.swift */,
				CE1C5D44254AF8DC00B581C9 /* New.swift */,
				CE60EDB7254D9759007056BC /* Onboard.Card.swift */,
				CE65FC34254C3AC1000A78C1 /* Onboard.First.swift */,
				CE65FC37254C3B8A000A78C1 /* Onboard.Second.swift */,
				CEE409AB254B1DCA00A9D5EB /* Onboard.swift */,
				CE938BC3254C69BD00A7BEC2 /* Onboard.Third.swift */,
				CE6324842549D8470051A470 /* Session.swift */,
				CE4495BC25496A4300ECA6C0 /* Assets.xcassets */,
				CE4495B625496A4300ECA6C0 /* Products */,
			);
			sourceTree = "<group>";
		};
		CE4495B625496A4300ECA6C0 /* Products */ = {
			isa = PBXGroup;
			children = (
				CE4495B525496A4300ECA6C0 /* Glasperlen.app */,
			);
			name = Products;
			sourceTree = "<group>";
		};
/* End PBXGroup section */

/* Begin PBXNativeTarget section */
		CE4495B425496A4300ECA6C0 /* Glasperlen */ = {
			isa = PBXNativeTarget;
			buildConfigurationList = CE4495C425496A4300ECA6C0 /* Build configuration list for PBXNativeTarget "Glasperlen" */;
			buildPhases = (
				CE4495B125496A4300ECA6C0 /* Sources */,
				CE4495B225496A4300ECA6C0 /* Frameworks */,
				CE4495B325496A4300ECA6C0 /* Resources */,
			);
			buildRules = (
			);
			dependencies = (
			);
			name = Glasperlen;
			packageProductDependencies = (
				CEB90ED2254AD52D00F92A7C /* Magister */,
			);
			productName = Glasperlen;
			productReference = CE4495B525496A4300ECA6C0 /* Glasperlen.app */;
			productType = "com.apple.product-type.application";
		};
/* End PBXNativeTarget section */

/* Begin PBXProject section */
		CE4495AD25496A4300ECA6C0 /* Project object */ = {
			isa = PBXProject;
			attributes = {
				LastSwiftUpdateCheck = 1210;
				LastUpgradeCheck = 1210;
				TargetAttributes = {
					CE4495B425496A4300ECA6C0 = {
						CreatedOnToolsVersion = 12.1;
					};
				};
			};
			buildConfigurationList = CE4495B025496A4300ECA6C0 /* Build configuration list for PBXProject "Glasperlen" */;
			compatibilityVersion = "Xcode 9.3";
			developmentRegion = en;
			hasScannedForEncodings = 0;
			knownRegions = (
				en,
				Base,
			);
			mainGroup = CE4495AC25496A4300ECA6C0;
			packageReferences = (
				CEB90ED1254AD52D00F92A7C /* XCRemoteSwiftPackageReference "magister" */,
			);
			productRefGroup = CE4495B625496A4300ECA6C0 /* Products */;
			projectDirPath = "";
			projectRoot = "";
			targets = (
				CE4495B425496A4300ECA6C0 /* Glasperlen */,
			);
		};
/* End PBXProject section */

/* Begin PBXResourcesBuildPhase section */
		CE4495B325496A4300ECA6C0 /* Resources */ = {
			isa = PBXResourcesBuildPhase;
			buildActionMask = 2147483647;
			files = (
				CE4495BD25496A4300ECA6C0 /* Assets.xcassets in Resources */,
			);
			runOnlyForDeploymentPostprocessing = 0;
		};
/* End PBXResourcesBuildPhase section */

/* Begin PBXSourcesBuildPhase section */
		CE4495B125496A4300ECA6C0 /* Sources */ = {
			isa = PBXSourcesBuildPhase;
			buildActionMask = 2147483647;
			files = (
				CEB90ED6254AD60400F92A7C /* AppDelegate.swift in Sources */,
				CE6324852549D8470051A470 /* Session.swift in Sources */,
				CE63247B2549CA3E0051A470 /* Control.Circle.swift in Sources */,
				CE6324822549D14F0051A470 /* Game.swift in Sources */,
				CE63246F2549AB280051A470 /* Board.swift in Sources */,
				CEE409B3254B245600A9D5EB /* Control.Capsule.swift in Sources */,
				CE84D8A42552FD2A00884B24 /* Menu.swift in Sources */,
				CE60EDB0254D8D26007056BC /* Color.swift in Sources */,
				CEBE5394255019550059F12C /* Deck.swift in Sources */,
				CE63247C2549CA3E0051A470 /* Control.swift in Sources */,
				CE989B2E2551B8DF007FBDCE /* Match.swift in Sources */,
				CEB90EDD254ADBDF00F92A7C /* Header.Score.swift in Sources */,
				CEBE5398255023580059F12C /* Background.swift in Sources */,
				CE65FC35254C3AC1000A78C1 /* Onboard.First.swift in Sources */,
				CEE409B0254B242C00A9D5EB /* Control.Style.swift in Sources */,
				CEE409AC254B1DCA00A9D5EB /* Onboard.swift in Sources */,
				CE938BCB254C6B6200A7BEC2 /* Inventory.swift in Sources */,
				CE6324722549AB580051A470 /* Board.Cell.swift in Sources */,
				CE60EDB4254D959A007056BC /* Neumorphic.swift in Sources */,
				CEB90ED9254ADA5E00F92A7C /* Header.swift in Sources */,
				CE60EDBC254DA523007056BC /* Bead.swift in Sources */,
				CE1C5D45254AF8DC00B581C9 /* New.swift in Sources */,
				CE65FC38254C3B8A000A78C1 /* Onboard.Second.swift in Sources */,
				CE60EDB8254D9759007056BC /* Onboard.Card.swift in Sources */,
				CE938BC4254C69BD00A7BEC2 /* Onboard.Third.swift in Sources */,
				CE4495B925496A4300ECA6C0 /* App.swift in Sources */,
				CE938BC7254C6AF600A7BEC2 /* Defaults.swift in Sources */,
			);
			runOnlyForDeploymentPostprocessing = 0;
		};
/* End PBXSourcesBuildPhase section */

/* Begin XCBuildConfiguration section */
		CE4495C225496A4300ECA6C0 /* Debug */ = {
			isa = XCBuildConfiguration;
			buildSettings = {
				ALWAYS_SEARCH_USER_PATHS = NO;
				CLANG_ANALYZER_NONNULL = YES;
				CLANG_ANALYZER_NUMBER_OBJECT_CONVERSION = YES_AGGRESSIVE;
				CLANG_CXX_LANGUAGE_STANDARD = "gnu++14";
				CLANG_CXX_LIBRARY = "libc++";
				CLANG_ENABLE_MODULES = YES;
				CLANG_ENABLE_OBJC_ARC = YES;
				CLANG_ENABLE_OBJC_WEAK = YES;
				CLANG_WARN_BLOCK_CAPTURE_AUTORELEASING = YES;
				CLANG_WARN_BOOL_CONVERSION = YES;
				CLANG_WARN_COMMA = YES;
				CLANG_WARN_CONSTANT_CONVERSION = YES;
				CLANG_WARN_DEPRECATED_OBJC_IMPLEMENTATIONS = YES;
				CLANG_WARN_DIRECT_OBJC_ISA_USAGE = YES_ERROR;
				CLANG_WARN_DOCUMENTATION_COMMENTS = YES;
				CLANG_WARN_EMPTY_BODY = YES;
				CLANG_WARN_ENUM_CONVERSION = YES;
				CLANG_WARN_INFINITE_RECURSION = YES;
				CLANG_WARN_INT_CONVERSION = YES;
				CLANG_WARN_NON_LITERAL_NULL_CONVERSION = YES;
				CLANG_WARN_OBJC_IMPLICIT_RETAIN_SELF = YES;
				CLANG_WARN_OBJC_LITERAL_CONVERSION = YES;
				CLANG_WARN_OBJC_ROOT_CLASS = YES_ERROR;
				CLANG_WARN_QUOTED_INCLUDE_IN_FRAMEWORK_HEADER = YES;
				CLANG_WARN_RANGE_LOOP_ANALYSIS = YES;
				CLANG_WARN_STRICT_PROTOTYPES = YES;
				CLANG_WARN_SUSPICIOUS_MOVE = YES;
				CLANG_WARN_UNGUARDED_AVAILABILITY = YES_AGGRESSIVE;
				CLANG_WARN_UNREACHABLE_CODE = YES;
				CLANG_WARN__DUPLICATE_METHOD_MATCH = YES;
				COPY_PHASE_STRIP = NO;
				CURRENT_PROJECT_VERSION = 1;
				DEBUG_INFORMATION_FORMAT = dwarf;
				ENABLE_STRICT_OBJC_MSGSEND = YES;
				ENABLE_TESTABILITY = YES;
				GCC_C_LANGUAGE_STANDARD = gnu11;
				GCC_DYNAMIC_NO_PIC = NO;
				GCC_NO_COMMON_BLOCKS = YES;
				GCC_OPTIMIZATION_LEVEL = 0;
				GCC_PREPROCESSOR_DEFINITIONS = (
					"DEBUG=1",
					"$(inherited)",
				);
				GCC_WARN_64_TO_32_BIT_CONVERSION = YES;
				GCC_WARN_ABOUT_RETURN_TYPE = YES_ERROR;
				GCC_WARN_UNDECLARED_SELECTOR = YES;
				GCC_WARN_UNINITIALIZED_AUTOS = YES_AGGRESSIVE;
				GCC_WARN_UNUSED_FUNCTION = YES;
				GCC_WARN_UNUSED_VARIABLE = YES;
				IPHONEOS_DEPLOYMENT_TARGET = 14.0;
				MARKETING_VERSION = 1;
				MTL_ENABLE_DEBUG_INFO = INCLUDE_SOURCE;
				MTL_FAST_MATH = YES;
				ONLY_ACTIVE_ARCH = YES;
				PRODUCT_NAME = Glasperlen;
				SDKROOT = iphoneos;
				SWIFT_ACTIVE_COMPILATION_CONDITIONS = DEBUG;
				SWIFT_INSTALL_OBJC_HEADER = NO;
				SWIFT_OPTIMIZATION_LEVEL = "-Onone";
				SWIFT_VERSION = 5.0;
			};
			name = Debug;
		};
		CE4495C325496A4300ECA6C0 /* Release */ = {
			isa = XCBuildConfiguration;
			buildSettings = {
				ALWAYS_SEARCH_USER_PATHS = NO;
				CLANG_ANALYZER_NONNULL = YES;
				CLANG_ANALYZER_NUMBER_OBJECT_CONVERSION = YES_AGGRESSIVE;
				CLANG_CXX_LANGUAGE_STANDARD = "gnu++14";
				CLANG_CXX_LIBRARY = "libc++";
				CLANG_ENABLE_MODULES = YES;
				CLANG_ENABLE_OBJC_ARC = YES;
				CLANG_ENABLE_OBJC_WEAK = YES;
				CLANG_WARN_BLOCK_CAPTURE_AUTORELEASING = YES;
				CLANG_WARN_BOOL_CONVERSION = YES;
				CLANG_WARN_COMMA = YES;
				CLANG_WARN_CONSTANT_CONVERSION = YES;
				CLANG_WARN_DEPRECATED_OBJC_IMPLEMENTATIONS = YES;
				CLANG_WARN_DIRECT_OBJC_ISA_USAGE = YES_ERROR;
				CLANG_WARN_DOCUMENTATION_COMMENTS = YES;
				CLANG_WARN_EMPTY_BODY = YES;
				CLANG_WARN_ENUM_CONVERSION = YES;
				CLANG_WARN_INFINITE_RECURSION = YES;
				CLANG_WARN_INT_CONVERSION = YES;
				CLANG_WARN_NON_LITERAL_NULL_CONVERSION = YES;
				CLANG_WARN_OBJC_IMPLICIT_RETAIN_SELF = YES;
				CLANG_WARN_OBJC_LITERAL_CONVERSION = YES;
				CLANG_WARN_OBJC_ROOT_CLASS = YES_ERROR;
				CLANG_WARN_QUOTED_INCLUDE_IN_FRAMEWORK_HEADER = YES;
				CLANG_WARN_RANGE_LOOP_ANALYSIS = YES;
				CLANG_WARN_STRICT_PROTOTYPES = YES;
				CLANG_WARN_SUSPICIOUS_MOVE = YES;
				CLANG_WARN_UNGUARDED_AVAILABILITY = YES_AGGRESSIVE;
				CLANG_WARN_UNREACHABLE_CODE = YES;
				CLANG_WARN__DUPLICATE_METHOD_MATCH = YES;
				COPY_PHASE_STRIP = NO;
				CURRENT_PROJECT_VERSION = 1;
				DEBUG_INFORMATION_FORMAT = "dwarf-with-dsym";
				ENABLE_NS_ASSERTIONS = NO;
				ENABLE_STRICT_OBJC_MSGSEND = YES;
				GCC_C_LANGUAGE_STANDARD = gnu11;
				GCC_NO_COMMON_BLOCKS = YES;
				GCC_OPTIMIZATION_LEVEL = 3;
				GCC_WARN_64_TO_32_BIT_CONVERSION = YES;
				GCC_WARN_ABOUT_RETURN_TYPE = YES_ERROR;
				GCC_WARN_UNDECLARED_SELECTOR = YES;
				GCC_WARN_UNINITIALIZED_AUTOS = YES_AGGRESSIVE;
				GCC_WARN_UNUSED_FUNCTION = YES;
				GCC_WARN_UNUSED_VARIABLE = YES;
				IPHONEOS_DEPLOYMENT_TARGET = 14.0;
				MARKETING_VERSION = 1;
				MTL_ENABLE_DEBUG_INFO = NO;
				MTL_FAST_MATH = YES;
				PRODUCT_NAME = Glasperlen;
				SDKROOT = iphoneos;
				SWIFT_COMPILATION_MODE = wholemodule;
				SWIFT_INSTALL_OBJC_HEADER = NO;
				SWIFT_OPTIMIZATION_LEVEL = "-O";
				SWIFT_VERSION = 5.0;
				VALIDATE_PRODUCT = YES;
			};
			name = Release;
		};
		CE4495C525496A4300ECA6C0 /* Debug */ = {
			isa = XCBuildConfiguration;
			buildSettings = {
				ASSETCATALOG_COMPILER_APPICON_NAME = AppIcon;
				ASSETCATALOG_COMPILER_GLOBAL_ACCENT_COLOR_NAME = AccentColor;
				CODE_SIGN_STYLE = Automatic;
				DEVELOPMENT_TEAM = 7AMWG3RLHN;
				INFOPLIST_FILE = Info.plist;
				LD_RUNPATH_SEARCH_PATHS = (
					"$(inherited)",
					"@executable_path/Frameworks",
				);
				PRODUCT_BUNDLE_IDENTIFIER = glasperlen.Glasperlen;
				TARGETED_DEVICE_FAMILY = "1,2";
			};
			name = Debug;
		};
		CE4495C625496A4300ECA6C0 /* Release */ = {
			isa = XCBuildConfiguration;
			buildSettings = {
				ASSETCATALOG_COMPILER_APPICON_NAME = AppIcon;
				ASSETCATALOG_COMPILER_GLOBAL_ACCENT_COLOR_NAME = AccentColor;
				CODE_SIGN_STYLE = Automatic;
				DEVELOPMENT_TEAM = 7AMWG3RLHN;
				INFOPLIST_FILE = Info.plist;
				LD_RUNPATH_SEARCH_PATHS = (
					"$(inherited)",
					"@executable_path/Frameworks",
				);
				PRODUCT_BUNDLE_IDENTIFIER = glasperlen.Glasperlen;
				TARGETED_DEVICE_FAMILY = "1,2";
			};
			name = Release;
		};
/* End XCBuildConfiguration section */

/* Begin XCConfigurationList section */
		CE4495B025496A4300ECA6C0 /* Build configuration list for PBXProject "Glasperlen" */ = {
			isa = XCConfigurationList;
			buildConfigurations = (
				CE4495C225496A4300ECA6C0 /* Debug */,
				CE4495C325496A4300ECA6C0 /* Release */,
			);
			defaultConfigurationIsVisible = 0;
			defaultConfigurationName = Release;
		};
		CE4495C425496A4300ECA6C0 /* Build configuration list for PBXNativeTarget "Glasperlen" */ = {
			isa = XCConfigurationList;
			buildConfigurations = (
				CE4495C525496A4300ECA6C0 /* Debug */,
				CE4495C625496A4300ECA6C0 /* Release */,
			);
			defaultConfigurationIsVisible = 0;
			defaultConfigurationName = Release;
		};
/* End XCConfigurationList section */

/* Begin XCRemoteSwiftPackageReference section */
		CEB90ED1254AD52D00F92A7C /* XCRemoteSwiftPackageReference "magister" */ = {
			isa = XCRemoteSwiftPackageReference;
			repositoryURL = "https://github.com/glasperlen/magister.git";
			requirement = {
				branch = main;
				kind = branch;
			};
		};
/* End XCRemoteSwiftPackageReference section */

/* Begin XCSwiftPackageProductDependency section */
		CEB90ED2254AD52D00F92A7C /* Magister */ = {
			isa = XCSwiftPackageProductDependency;
			package = CEB90ED1254AD52D00F92A7C /* XCRemoteSwiftPackageReference "magister" */;
			productName = Magister;
		};
/* End XCSwiftPackageProductDependency section */
	};
	rootObject = CE4495AD25496A4300ECA6C0 /* Project object */;
}
