// !$*UTF8*$!
{
	archiveVersion = 1;
	classes = {
	};
	objectVersion = 52;
	objects = {

/* Begin PBXBuildFile section */
		CE063851256190A4006ED1AD /* UIApplication.swift in Sources */ = {isa = PBXBuildFile; fileRef = CE063850256190A4006ED1AD /* UIApplication.swift */; };
		CE2317362556E6470074CD22 /* Game.Title.swift in Sources */ = {isa = PBXBuildFile; fileRef = CE2317352556E6470074CD22 /* Game.Title.swift */; };
		CE2535FD255967BC00DBA035 /* Defaults.swift in Sources */ = {isa = PBXBuildFile; fileRef = CE2535FC255967BC00DBA035 /* Defaults.swift */; };
		CE253600255967E900DBA035 /* Session.Bead.swift in Sources */ = {isa = PBXBuildFile; fileRef = CE2535FF255967E900DBA035 /* Session.Bead.swift */; };
		CE25360425596A2200DBA035 /* Defaults.Key.swift in Sources */ = {isa = PBXBuildFile; fileRef = CE25360325596A2200DBA035 /* Defaults.Key.swift */; };
		CE2B39EB256D24A0004AB84E /* Game.Remove.swift in Sources */ = {isa = PBXBuildFile; fileRef = CE2B39EA256D24A0004AB84E /* Game.Remove.swift */; };
		CE34B9DB2564271700A2CD60 /* Pack.Detail.swift in Sources */ = {isa = PBXBuildFile; fileRef = CE34B9DA2564271700A2CD60 /* Pack.Detail.swift */; };
		CE34B9E025642A5200A2CD60 /* Pack.swift in Sources */ = {isa = PBXBuildFile; fileRef = CE34B9DF25642A5200A2CD60 /* Pack.swift */; };
		CE4495B925496A4300ECA6C0 /* App.swift in Sources */ = {isa = PBXBuildFile; fileRef = CE4495B825496A4300ECA6C0 /* App.swift */; };
		CE4495BD25496A4300ECA6C0 /* Assets.xcassets in Resources */ = {isa = PBXBuildFile; fileRef = CE4495BC25496A4300ECA6C0 /* Assets.xcassets */; };
		CE55B3C62567C649006D3F83 /* Settings.bundle in Resources */ = {isa = PBXBuildFile; fileRef = CE55B3C52567C649006D3F83 /* Settings.bundle */; };
		CE55B3D12567D5CF006D3F83 /* Game.Prize.swift in Sources */ = {isa = PBXBuildFile; fileRef = CE55B3D02567D5CF006D3F83 /* Game.Prize.swift */; };
		CE60EDB0254D8D26007056BC /* Color.swift in Sources */ = {isa = PBXBuildFile; fileRef = CE60EDAF254D8D26007056BC /* Color.swift */; };
		CE60EDB4254D959A007056BC /* Neumorphic.swift in Sources */ = {isa = PBXBuildFile; fileRef = CE60EDB3254D959A007056BC /* Neumorphic.swift */; };
		CE60EDB8254D9759007056BC /* Onboard.Card.swift in Sources */ = {isa = PBXBuildFile; fileRef = CE60EDB7254D9759007056BC /* Onboard.Card.swift */; };
		CE60EDBC254DA523007056BC /* Bead.swift in Sources */ = {isa = PBXBuildFile; fileRef = CE60EDBB254DA523007056BC /* Bead.swift */; };
		CE63246F2549AB280051A470 /* Game.Board.swift in Sources */ = {isa = PBXBuildFile; fileRef = CE63246E2549AB280051A470 /* Game.Board.swift */; };
		CE6324722549AB580051A470 /* Game.Board.Cell.swift in Sources */ = {isa = PBXBuildFile; fileRef = CE6324712549AB580051A470 /* Game.Board.Cell.swift */; };
		CE63247B2549CA3E0051A470 /* Control.Circle.swift in Sources */ = {isa = PBXBuildFile; fileRef = CE6324792549CA3E0051A470 /* Control.Circle.swift */; };
		CE63247C2549CA3E0051A470 /* Control.swift in Sources */ = {isa = PBXBuildFile; fileRef = CE63247A2549CA3E0051A470 /* Control.swift */; };
		CE6324822549D14F0051A470 /* Game.swift in Sources */ = {isa = PBXBuildFile; fileRef = CE6324812549D14F0051A470 /* Game.swift */; };
		CE6324852549D8470051A470 /* Session.swift in Sources */ = {isa = PBXBuildFile; fileRef = CE6324842549D8470051A470 /* Session.swift */; };
		CE65FC35254C3AC1000A78C1 /* Onboard.First.swift in Sources */ = {isa = PBXBuildFile; fileRef = CE65FC34254C3AC1000A78C1 /* Onboard.First.swift */; };
		CE65FC38254C3B8A000A78C1 /* Onboard.Second.swift in Sources */ = {isa = PBXBuildFile; fileRef = CE65FC37254C3B8A000A78C1 /* Onboard.Second.swift */; };
		CE6E726425541BFB000AB7D2 /* Game.Turn.swift in Sources */ = {isa = PBXBuildFile; fileRef = CE6E726325541BFB000AB7D2 /* Game.Turn.swift */; };
		CE6E72682554281A000AB7D2 /* Game.Deck.swift in Sources */ = {isa = PBXBuildFile; fileRef = CE6E72672554281A000AB7D2 /* Game.Deck.swift */; };
		CE6E727625542CA5000AB7D2 /* Bead.Base.swift in Sources */ = {isa = PBXBuildFile; fileRef = CE6E727525542CA5000AB7D2 /* Bead.Base.swift */; };
		CE6E727B25543014000AB7D2 /* Bead.Point.swift in Sources */ = {isa = PBXBuildFile; fileRef = CE6E727A25543014000AB7D2 /* Bead.Point.swift */; };
		CE70C20F2565770C00E5FCC0 /* Session.Audio.swift in Sources */ = {isa = PBXBuildFile; fileRef = CE70C20E2565770C00E5FCC0 /* Session.Audio.swift */; };
		CE70C214256578A700E5FCC0 /* Pop.aiff in Resources */ = {isa = PBXBuildFile; fileRef = CE70C212256578A700E5FCC0 /* Pop.aiff */; };
		CE70C215256578A700E5FCC0 /* Tink.aiff in Resources */ = {isa = PBXBuildFile; fileRef = CE70C213256578A700E5FCC0 /* Tink.aiff */; };
		CE7273BC2553F88400A79BF2 /* Game.Controls.swift in Sources */ = {isa = PBXBuildFile; fileRef = CE7273BB2553F88400A79BF2 /* Game.Controls.swift */; };
		CE7273BF2553FE0900A79BF2 /* Game.Loading.swift in Sources */ = {isa = PBXBuildFile; fileRef = CE7273BE2553FE0900A79BF2 /* Game.Loading.swift */; };
		CE7FDC58255A8F69004D46A5 /* Inventory.Item.swift in Sources */ = {isa = PBXBuildFile; fileRef = CE7FDC57255A8F69004D46A5 /* Inventory.Item.swift */; };
		CE938BC4254C69BD00A7BEC2 /* Onboard.Third.swift in Sources */ = {isa = PBXBuildFile; fileRef = CE938BC3254C69BD00A7BEC2 /* Onboard.Third.swift */; };
		CE93B28E256D1C4A00785FFD /* Game.PrizeRobot.swift in Sources */ = {isa = PBXBuildFile; fileRef = CE93B28D256D1C4A00785FFD /* Game.PrizeRobot.swift */; };
		CEAEB56425557CDB0046E4E9 /* Game.Card.swift in Sources */ = {isa = PBXBuildFile; fileRef = CEAEB56325557CDB0046E4E9 /* Game.Card.swift */; };
		CEB4C69E25627A5D0068AEE9 /* Store.swift in Sources */ = {isa = PBXBuildFile; fileRef = CEB4C69D25627A5D0068AEE9 /* Store.swift */; };
		CEB4C6A425627CD50068AEE9 /* Purchases.swift in Sources */ = {isa = PBXBuildFile; fileRef = CEB4C6A325627CD50068AEE9 /* Purchases.swift */; };
		CEB4C6A725627D130068AEE9 /* Purchases.Item.swift in Sources */ = {isa = PBXBuildFile; fileRef = CEB4C6A625627D130068AEE9 /* Purchases.Item.swift */; };
		CEB4C6AC25627DFA0068AEE9 /* Store.Item.swift in Sources */ = {isa = PBXBuildFile; fileRef = CEB4C6AB25627DFA0068AEE9 /* Store.Item.swift */; };
		CEB90ED3254AD52D00F92A7C /* Magister in Frameworks */ = {isa = PBXBuildFile; productRef = CEB90ED2254AD52D00F92A7C /* Magister */; };
		CEB90ED9254ADA5E00F92A7C /* Header.swift in Sources */ = {isa = PBXBuildFile; fileRef = CEB90ED8254ADA5E00F92A7C /* Header.swift */; };
		CEB90EDD254ADBDF00F92A7C /* Header.Score.swift in Sources */ = {isa = PBXBuildFile; fileRef = CEB90EDC254ADBDF00F92A7C /* Header.Score.swift */; };
		CEBE5394255019550059F12C /* Inventory.swift in Sources */ = {isa = PBXBuildFile; fileRef = CEBE5393255019550059F12C /* Inventory.swift */; };
		CEBE5398255023580059F12C /* Background.swift in Sources */ = {isa = PBXBuildFile; fileRef = CEBE5397255023580059F12C /* Background.swift */; };
		CECC2FCE256BF19D002EE72C /* Positions.swift in Sources */ = {isa = PBXBuildFile; fileRef = CECC2FCD256BF19D002EE72C /* Positions.swift */; };
		CED8913A256583030083C128 /* Bottle.aiff in Resources */ = {isa = PBXBuildFile; fileRef = CED89138256583030083C128 /* Bottle.aiff */; };
		CED8913B256583030083C128 /* Hero.aiff in Resources */ = {isa = PBXBuildFile; fileRef = CED89139256583030083C128 /* Hero.aiff */; };
		CED891432565840E0083C128 /* Basso.aiff in Resources */ = {isa = PBXBuildFile; fileRef = CED891422565840E0083C128 /* Basso.aiff */; };
		CEE2467825680E93005133F5 /* GameKit.framework in Frameworks */ = {isa = PBXBuildFile; fileRef = CEE2467725680E93005133F5 /* GameKit.framework */; };
		CEE2467A25680EB5005133F5 /* StoreKit.framework in Frameworks */ = {isa = PBXBuildFile; fileRef = CEE2467925680EB5005133F5 /* StoreKit.framework */; };
		CEE409AC254B1DCA00A9D5EB /* Onboard.swift in Sources */ = {isa = PBXBuildFile; fileRef = CEE409AB254B1DCA00A9D5EB /* Onboard.swift */; };
		CEE409B0254B242C00A9D5EB /* Control.Style.swift in Sources */ = {isa = PBXBuildFile; fileRef = CEE409AF254B242C00A9D5EB /* Control.Style.swift */; };
		CEE409B3254B245600A9D5EB /* Control.Capsule.swift in Sources */ = {isa = PBXBuildFile; fileRef = CEE409B2254B245600A9D5EB /* Control.Capsule.swift */; };
		CEECC8DA256686F600395B05 /* Menu.swift in Sources */ = {isa = PBXBuildFile; fileRef = CEECC8D9256686F600395B05 /* Menu.swift */; };
		CEECC8DD25668F9800395B05 /* Menu.Item.swift in Sources */ = {isa = PBXBuildFile; fileRef = CEECC8DC25668F9800395B05 /* Menu.Item.swift */; };
		CEECC8E1256697DD00395B05 /* Menu.Switch.swift in Sources */ = {isa = PBXBuildFile; fileRef = CEECC8E0256697DD00395B05 /* Menu.Switch.swift */; };
/* End PBXBuildFile section */

/* Begin PBXFileReference section */
		CE063850256190A4006ED1AD /* UIApplication.swift */ = {isa = PBXFileReference; lastKnownFileType = sourcecode.swift; path = UIApplication.swift; sourceTree = "<group>"; };
		CE2317352556E6470074CD22 /* Game.Title.swift */ = {isa = PBXFileReference; lastKnownFileType = sourcecode.swift; path = Game.Title.swift; sourceTree = "<group>"; };
		CE2535FC255967BC00DBA035 /* Defaults.swift */ = {isa = PBXFileReference; lastKnownFileType = sourcecode.swift; path = Defaults.swift; sourceTree = "<group>"; };
		CE2535FF255967E900DBA035 /* Session.Bead.swift */ = {isa = PBXFileReference; lastKnownFileType = sourcecode.swift; path = Session.Bead.swift; sourceTree = "<group>"; };
		CE25360325596A2200DBA035 /* Defaults.Key.swift */ = {isa = PBXFileReference; lastKnownFileType = sourcecode.swift; path = Defaults.Key.swift; sourceTree = "<group>"; };
		CE2B39EA256D24A0004AB84E /* Game.Remove.swift */ = {isa = PBXFileReference; lastKnownFileType = sourcecode.swift; path = Game.Remove.swift; sourceTree = "<group>"; };
		CE34B9DA2564271700A2CD60 /* Pack.Detail.swift */ = {isa = PBXFileReference; lastKnownFileType = sourcecode.swift; path = Pack.Detail.swift; sourceTree = "<group>"; };
		CE34B9DF25642A5200A2CD60 /* Pack.swift */ = {isa = PBXFileReference; lastKnownFileType = sourcecode.swift; path = Pack.swift; sourceTree = "<group>"; };
		CE4495B525496A4300ECA6C0 /* Glasperlen.app */ = {isa = PBXFileReference; explicitFileType = wrapper.application; includeInIndex = 0; path = Glasperlen.app; sourceTree = BUILT_PRODUCTS_DIR; };
		CE4495B825496A4300ECA6C0 /* App.swift */ = {isa = PBXFileReference; lastKnownFileType = sourcecode.swift; path = App.swift; sourceTree = "<group>"; };
		CE4495BC25496A4300ECA6C0 /* Assets.xcassets */ = {isa = PBXFileReference; lastKnownFileType = folder.assetcatalog; path = Assets.xcassets; sourceTree = "<group>"; };
		CE4495C125496A4300ECA6C0 /* Info.plist */ = {isa = PBXFileReference; lastKnownFileType = text.plist.xml; path = Info.plist; sourceTree = "<group>"; };
		CE55B3C52567C649006D3F83 /* Settings.bundle */ = {isa = PBXFileReference; lastKnownFileType = "wrapper.plug-in"; path = Settings.bundle; sourceTree = "<group>"; };
		CE55B3D02567D5CF006D3F83 /* Game.Prize.swift */ = {isa = PBXFileReference; lastKnownFileType = sourcecode.swift; path = Game.Prize.swift; sourceTree = "<group>"; };
		CE60EDAF254D8D26007056BC /* Color.swift */ = {isa = PBXFileReference; lastKnownFileType = sourcecode.swift; path = Color.swift; sourceTree = "<group>"; };
		CE60EDB3254D959A007056BC /* Neumorphic.swift */ = {isa = PBXFileReference; lastKnownFileType = sourcecode.swift; path = Neumorphic.swift; sourceTree = "<group>"; };
		CE60EDB7254D9759007056BC /* Onboard.Card.swift */ = {isa = PBXFileReference; lastKnownFileType = sourcecode.swift; path = Onboard.Card.swift; sourceTree = "<group>"; };
		CE60EDBB254DA523007056BC /* Bead.swift */ = {isa = PBXFileReference; lastKnownFileType = sourcecode.swift; path = Bead.swift; sourceTree = "<group>"; };
		CE63246E2549AB280051A470 /* Game.Board.swift */ = {isa = PBXFileReference; lastKnownFileType = sourcecode.swift; path = Game.Board.swift; sourceTree = "<group>"; };
		CE6324712549AB580051A470 /* Game.Board.Cell.swift */ = {isa = PBXFileReference; lastKnownFileType = sourcecode.swift; path = Game.Board.Cell.swift; sourceTree = "<group>"; };
		CE6324792549CA3E0051A470 /* Control.Circle.swift */ = {isa = PBXFileReference; fileEncoding = 4; lastKnownFileType = sourcecode.swift; path = Control.Circle.swift; sourceTree = "<group>"; };
		CE63247A2549CA3E0051A470 /* Control.swift */ = {isa = PBXFileReference; fileEncoding = 4; lastKnownFileType = sourcecode.swift; path = Control.swift; sourceTree = "<group>"; };
		CE6324812549D14F0051A470 /* Game.swift */ = {isa = PBXFileReference; lastKnownFileType = sourcecode.swift; path = Game.swift; sourceTree = "<group>"; };
		CE6324842549D8470051A470 /* Session.swift */ = {isa = PBXFileReference; lastKnownFileType = sourcecode.swift; path = Session.swift; sourceTree = "<group>"; };
		CE65FC34254C3AC1000A78C1 /* Onboard.First.swift */ = {isa = PBXFileReference; lastKnownFileType = sourcecode.swift; path = Onboard.First.swift; sourceTree = "<group>"; };
		CE65FC37254C3B8A000A78C1 /* Onboard.Second.swift */ = {isa = PBXFileReference; lastKnownFileType = sourcecode.swift; path = Onboard.Second.swift; sourceTree = "<group>"; };
		CE6E726325541BFB000AB7D2 /* Game.Turn.swift */ = {isa = PBXFileReference; lastKnownFileType = sourcecode.swift; path = Game.Turn.swift; sourceTree = "<group>"; };
		CE6E72672554281A000AB7D2 /* Game.Deck.swift */ = {isa = PBXFileReference; lastKnownFileType = sourcecode.swift; path = Game.Deck.swift; sourceTree = "<group>"; };
		CE6E727525542CA5000AB7D2 /* Bead.Base.swift */ = {isa = PBXFileReference; lastKnownFileType = sourcecode.swift; path = Bead.Base.swift; sourceTree = "<group>"; };
		CE6E727A25543014000AB7D2 /* Bead.Point.swift */ = {isa = PBXFileReference; lastKnownFileType = sourcecode.swift; path = Bead.Point.swift; sourceTree = "<group>"; };
		CE70C20E2565770C00E5FCC0 /* Session.Audio.swift */ = {isa = PBXFileReference; lastKnownFileType = sourcecode.swift; path = Session.Audio.swift; sourceTree = "<group>"; };
		CE70C212256578A700E5FCC0 /* Pop.aiff */ = {isa = PBXFileReference; lastKnownFileType = audio.aiff; path = Pop.aiff; sourceTree = "<group>"; };
		CE70C213256578A700E5FCC0 /* Tink.aiff */ = {isa = PBXFileReference; lastKnownFileType = audio.aiff; path = Tink.aiff; sourceTree = "<group>"; };
		CE7273BB2553F88400A79BF2 /* Game.Controls.swift */ = {isa = PBXFileReference; lastKnownFileType = sourcecode.swift; path = Game.Controls.swift; sourceTree = "<group>"; };
		CE7273BE2553FE0900A79BF2 /* Game.Loading.swift */ = {isa = PBXFileReference; lastKnownFileType = sourcecode.swift; path = Game.Loading.swift; sourceTree = "<group>"; };
		CE7FDC57255A8F69004D46A5 /* Inventory.Item.swift */ = {isa = PBXFileReference; lastKnownFileType = sourcecode.swift; path = Inventory.Item.swift; sourceTree = "<group>"; };
		CE938BC3254C69BD00A7BEC2 /* Onboard.Third.swift */ = {isa = PBXFileReference; lastKnownFileType = sourcecode.swift; path = Onboard.Third.swift; sourceTree = "<group>"; };
		CE93B28D256D1C4A00785FFD /* Game.PrizeRobot.swift */ = {isa = PBXFileReference; lastKnownFileType = sourcecode.swift; path = Game.PrizeRobot.swift; sourceTree = "<group>"; };
		CEAEB56325557CDB0046E4E9 /* Game.Card.swift */ = {isa = PBXFileReference; lastKnownFileType = sourcecode.swift; path = Game.Card.swift; sourceTree = "<group>"; };
		CEB4C69D25627A5D0068AEE9 /* Store.swift */ = {isa = PBXFileReference; lastKnownFileType = sourcecode.swift; path = Store.swift; sourceTree = "<group>"; };
		CEB4C6A325627CD50068AEE9 /* Purchases.swift */ = {isa = PBXFileReference; lastKnownFileType = sourcecode.swift; path = Purchases.swift; sourceTree = "<group>"; };
		CEB4C6A625627D130068AEE9 /* Purchases.Item.swift */ = {isa = PBXFileReference; lastKnownFileType = sourcecode.swift; path = Purchases.Item.swift; sourceTree = "<group>"; };
		CEB4C6AB25627DFA0068AEE9 /* Store.Item.swift */ = {isa = PBXFileReference; lastKnownFileType = sourcecode.swift; path = Store.Item.swift; sourceTree = "<group>"; };
		CEB90ED8254ADA5E00F92A7C /* Header.swift */ = {isa = PBXFileReference; lastKnownFileType = sourcecode.swift; path = Header.swift; sourceTree = "<group>"; };
		CEB90EDC254ADBDF00F92A7C /* Header.Score.swift */ = {isa = PBXFileReference; lastKnownFileType = sourcecode.swift; path = Header.Score.swift; sourceTree = "<group>"; };
		CEBE5393255019550059F12C /* Inventory.swift */ = {isa = PBXFileReference; lastKnownFileType = sourcecode.swift; path = Inventory.swift; sourceTree = "<group>"; };
		CEBE5397255023580059F12C /* Background.swift */ = {isa = PBXFileReference; lastKnownFileType = sourcecode.swift; path = Background.swift; sourceTree = "<group>"; };
		CECC2FCD256BF19D002EE72C /* Positions.swift */ = {isa = PBXFileReference; lastKnownFileType = sourcecode.swift; path = Positions.swift; sourceTree = "<group>"; };
		CED89138256583030083C128 /* Bottle.aiff */ = {isa = PBXFileReference; lastKnownFileType = audio.aiff; path = Bottle.aiff; sourceTree = "<group>"; };
		CED89139256583030083C128 /* Hero.aiff */ = {isa = PBXFileReference; lastKnownFileType = audio.aiff; path = Hero.aiff; sourceTree = "<group>"; };
		CED891422565840E0083C128 /* Basso.aiff */ = {isa = PBXFileReference; lastKnownFileType = audio.aiff; path = Basso.aiff; sourceTree = "<group>"; };
		CEE2467725680E93005133F5 /* GameKit.framework */ = {isa = PBXFileReference; lastKnownFileType = wrapper.framework; name = GameKit.framework; path = System/Library/Frameworks/GameKit.framework; sourceTree = SDKROOT; };
		CEE2467925680EB5005133F5 /* StoreKit.framework */ = {isa = PBXFileReference; lastKnownFileType = wrapper.framework; name = StoreKit.framework; path = System/Library/Frameworks/StoreKit.framework; sourceTree = SDKROOT; };
		CEE409AB254B1DCA00A9D5EB /* Onboard.swift */ = {isa = PBXFileReference; lastKnownFileType = sourcecode.swift; path = Onboard.swift; sourceTree = "<group>"; };
		CEE409AF254B242C00A9D5EB /* Control.Style.swift */ = {isa = PBXFileReference; lastKnownFileType = sourcecode.swift; path = Control.Style.swift; sourceTree = "<group>"; };
		CEE409B2254B245600A9D5EB /* Control.Capsule.swift */ = {isa = PBXFileReference; lastKnownFileType = sourcecode.swift; path = Control.Capsule.swift; sourceTree = "<group>"; };
		CEECC8D9256686F600395B05 /* Menu.swift */ = {isa = PBXFileReference; lastKnownFileType = sourcecode.swift; path = Menu.swift; sourceTree = "<group>"; };
		CEECC8DC25668F9800395B05 /* Menu.Item.swift */ = {isa = PBXFileReference; lastKnownFileType = sourcecode.swift; path = Menu.Item.swift; sourceTree = "<group>"; };
		CEECC8E0256697DD00395B05 /* Menu.Switch.swift */ = {isa = PBXFileReference; lastKnownFileType = sourcecode.swift; path = Menu.Switch.swift; sourceTree = "<group>"; };
/* End PBXFileReference section */

/* Begin PBXFrameworksBuildPhase section */
		CE4495B225496A4300ECA6C0 /* Frameworks */ = {
			isa = PBXFrameworksBuildPhase;
			buildActionMask = 2147483647;
			files = (
				CEE2467A25680EB5005133F5 /* StoreKit.framework in Frameworks */,
				CEB90ED3254AD52D00F92A7C /* Magister in Frameworks */,
				CEE2467825680E93005133F5 /* GameKit.framework in Frameworks */,
			);
			runOnlyForDeploymentPostprocessing = 0;
		};
/* End PBXFrameworksBuildPhase section */

/* Begin PBXGroup section */
		CE4495AC25496A4300ECA6C0 = {
			isa = PBXGroup;
			children = (
				CE55B3C52567C649006D3F83 /* Settings.bundle */,
				CE4495C125496A4300ECA6C0 /* Info.plist */,
				CE4495B825496A4300ECA6C0 /* App.swift */,
				CEBE5397255023580059F12C /* Background.swift */,
				CE6E727525542CA5000AB7D2 /* Bead.Base.swift */,
				CE6E727A25543014000AB7D2 /* Bead.Point.swift */,
				CE60EDBB254DA523007056BC /* Bead.swift */,
				CE60EDAF254D8D26007056BC /* Color.swift */,
				CEE409B2254B245600A9D5EB /* Control.Capsule.swift */,
				CE6324792549CA3E0051A470 /* Control.Circle.swift */,
				CEE409AF254B242C00A9D5EB /* Control.Style.swift */,
				CE63247A2549CA3E0051A470 /* Control.swift */,
				CE25360325596A2200DBA035 /* Defaults.Key.swift */,
				CE2535FC255967BC00DBA035 /* Defaults.swift */,
				CE6324712549AB580051A470 /* Game.Board.Cell.swift */,
				CE63246E2549AB280051A470 /* Game.Board.swift */,
				CE7273BB2553F88400A79BF2 /* Game.Controls.swift */,
				CE6E72672554281A000AB7D2 /* Game.Deck.swift */,
				CEAEB56325557CDB0046E4E9 /* Game.Card.swift */,
				CE55B3D02567D5CF006D3F83 /* Game.Prize.swift */,
				CE93B28D256D1C4A00785FFD /* Game.PrizeRobot.swift */,
				CE2B39EA256D24A0004AB84E /* Game.Remove.swift */,
				CE7273BE2553FE0900A79BF2 /* Game.Loading.swift */,
				CE6324812549D14F0051A470 /* Game.swift */,
				CE2317352556E6470074CD22 /* Game.Title.swift */,
				CE6E726325541BFB000AB7D2 /* Game.Turn.swift */,
				CEB90EDC254ADBDF00F92A7C /* Header.Score.swift */,
				CEB90ED8254ADA5E00F92A7C /* Header.swift */,
				CE7FDC57255A8F69004D46A5 /* Inventory.Item.swift */,
				CEBE5393255019550059F12C /* Inventory.swift */,
				CEECC8DC25668F9800395B05 /* Menu.Item.swift */,
				CEECC8D9256686F600395B05 /* Menu.swift */,
				CEECC8E0256697DD00395B05 /* Menu.Switch.swift */,
				CE60EDB3254D959A007056BC /* Neumorphic.swift */,
				CE60EDB7254D9759007056BC /* Onboard.Card.swift */,
				CE65FC34254C3AC1000A78C1 /* Onboard.First.swift */,
				CE65FC37254C3B8A000A78C1 /* Onboard.Second.swift */,
				CEE409AB254B1DCA00A9D5EB /* Onboard.swift */,
				CE938BC3254C69BD00A7BEC2 /* Onboard.Third.swift */,
				CE34B9DA2564271700A2CD60 /* Pack.Detail.swift */,
				CE34B9DF25642A5200A2CD60 /* Pack.swift */,
				CECC2FCD256BF19D002EE72C /* Positions.swift */,
				CEB4C6A625627D130068AEE9 /* Purchases.Item.swift */,
				CEB4C6A325627CD50068AEE9 /* Purchases.swift */,
				CE70C20E2565770C00E5FCC0 /* Session.Audio.swift */,
				CE2535FF255967E900DBA035 /* Session.Bead.swift */,
				CE6324842549D8470051A470 /* Session.swift */,
				CEB4C6AB25627DFA0068AEE9 /* Store.Item.swift */,
				CEB4C69D25627A5D0068AEE9 /* Store.swift */,
				CE063850256190A4006ED1AD /* UIApplication.swift */,
				CE4495BC25496A4300ECA6C0 /* Assets.xcassets */,
				CEE2467625680E93005133F5 /* Frameworks */,
				CE4495B625496A4300ECA6C0 /* Products */,
				CE70C2052565748900E5FCC0 /* Sounds */,
			);
			sourceTree = "<group>";
		};
		CE4495B625496A4300ECA6C0 /* Products */ = {
			isa = PBXGroup;
			children = (
				CE4495B525496A4300ECA6C0 /* Glasperlen.app */,
			);
			name = Products;
			sourceTree = "<group>";
		};
		CE70C2052565748900E5FCC0 /* Sounds */ = {
			isa = PBXGroup;
			children = (
				CED891422565840E0083C128 /* Basso.aiff */,
				CED89138256583030083C128 /* Bottle.aiff */,
				CED89139256583030083C128 /* Hero.aiff */,
				CE70C212256578A700E5FCC0 /* Pop.aiff */,
				CE70C213256578A700E5FCC0 /* Tink.aiff */,
			);
			path = Sounds;
			sourceTree = "<group>";
		};
		CEE2467625680E93005133F5 /* Frameworks */ = {
			isa = PBXGroup;
			children = (
				CEE2467925680EB5005133F5 /* StoreKit.framework */,
				CEE2467725680E93005133F5 /* GameKit.framework */,
			);
			name = Frameworks;
			sourceTree = "<group>";
		};
/* End PBXGroup section */

/* Begin PBXNativeTarget section */
		CE4495B425496A4300ECA6C0 /* Glasperlen */ = {
			isa = PBXNativeTarget;
			buildConfigurationList = CE4495C425496A4300ECA6C0 /* Build configuration list for PBXNativeTarget "Glasperlen" */;
			buildPhases = (
				CE4495B125496A4300ECA6C0 /* Sources */,
				CE4495B225496A4300ECA6C0 /* Frameworks */,
				CE4495B325496A4300ECA6C0 /* Resources */,
			);
			buildRules = (
			);
			dependencies = (
			);
			name = Glasperlen;
			packageProductDependencies = (
				CEB90ED2254AD52D00F92A7C /* Magister */,
			);
			productName = Glasperlen;
			productReference = CE4495B525496A4300ECA6C0 /* Glasperlen.app */;
			productType = "com.apple.product-type.application";
		};
/* End PBXNativeTarget section */

/* Begin PBXProject section */
		CE4495AD25496A4300ECA6C0 /* Project object */ = {
			isa = PBXProject;
			attributes = {
				LastSwiftUpdateCheck = 1210;
				LastUpgradeCheck = 1210;
				TargetAttributes = {
					CE4495B425496A4300ECA6C0 = {
						CreatedOnToolsVersion = 12.1;
					};
				};
			};
			buildConfigurationList = CE4495B025496A4300ECA6C0 /* Build configuration list for PBXProject "Glasperlen" */;
			compatibilityVersion = "Xcode 9.3";
			developmentRegion = en;
			hasScannedForEncodings = 0;
			knownRegions = (
				en,
				Base,
			);
			mainGroup = CE4495AC25496A4300ECA6C0;
			packageReferences = (
				CEB90ED1254AD52D00F92A7C /* XCRemoteSwiftPackageReference "magister" */,
			);
			productRefGroup = CE4495B625496A4300ECA6C0 /* Products */;
			projectDirPath = "";
			projectRoot = "";
			targets = (
				CE4495B425496A4300ECA6C0 /* Glasperlen */,
			);
		};
/* End PBXProject section */

/* Begin PBXResourcesBuildPhase section */
		CE4495B325496A4300ECA6C0 /* Resources */ = {
			isa = PBXResourcesBuildPhase;
			buildActionMask = 2147483647;
			files = (
				CE55B3C62567C649006D3F83 /* Settings.bundle in Resources */,
				CED891432565840E0083C128 /* Basso.aiff in Resources */,
				CE70C214256578A700E5FCC0 /* Pop.aiff in Resources */,
				CED8913A256583030083C128 /* Bottle.aiff in Resources */,
				CE4495BD25496A4300ECA6C0 /* Assets.xcassets in Resources */,
				CE70C215256578A700E5FCC0 /* Tink.aiff in Resources */,
				CED8913B256583030083C128 /* Hero.aiff in Resources */,
			);
			runOnlyForDeploymentPostprocessing = 0;
		};
/* End PBXResourcesBuildPhase section */

/* Begin PBXSourcesBuildPhase section */
		CE4495B125496A4300ECA6C0 /* Sources */ = {
			isa = PBXSourcesBuildPhase;
			buildActionMask = 2147483647;
			files = (
				CEB4C69E25627A5D0068AEE9 /* Store.swift in Sources */,
				CE6324852549D8470051A470 /* Session.swift in Sources */,
				CE63247B2549CA3E0051A470 /* Control.Circle.swift in Sources */,
				CEECC8DD25668F9800395B05 /* Menu.Item.swift in Sources */,
				CE7FDC58255A8F69004D46A5 /* Inventory.Item.swift in Sources */,
				CE34B9E025642A5200A2CD60 /* Pack.swift in Sources */,
				CE6324822549D14F0051A470 /* Game.swift in Sources */,
				CE63246F2549AB280051A470 /* Game.Board.swift in Sources */,
				CEE409B3254B245600A9D5EB /* Control.Capsule.swift in Sources */,
				CE6E727B25543014000AB7D2 /* Bead.Point.swift in Sources */,
				CE34B9DB2564271700A2CD60 /* Pack.Detail.swift in Sources */,
				CEB4C6A425627CD50068AEE9 /* Purchases.swift in Sources */,
				CE063851256190A4006ED1AD /* UIApplication.swift in Sources */,
				CE60EDB0254D8D26007056BC /* Color.swift in Sources */,
				CE6E72682554281A000AB7D2 /* Game.Deck.swift in Sources */,
				CEBE5394255019550059F12C /* Inventory.swift in Sources */,
				CE63247C2549CA3E0051A470 /* Control.swift in Sources */,
				CEB90EDD254ADBDF00F92A7C /* Header.Score.swift in Sources */,
				CE70C20F2565770C00E5FCC0 /* Session.Audio.swift in Sources */,
				CEBE5398255023580059F12C /* Background.swift in Sources */,
				CE65FC35254C3AC1000A78C1 /* Onboard.First.swift in Sources */,
				CEB4C6A725627D130068AEE9 /* Purchases.Item.swift in Sources */,
				CEE409B0254B242C00A9D5EB /* Control.Style.swift in Sources */,
				CEE409AC254B1DCA00A9D5EB /* Onboard.swift in Sources */,
				CE7273BC2553F88400A79BF2 /* Game.Controls.swift in Sources */,
				CE2535FD255967BC00DBA035 /* Defaults.swift in Sources */,
				CE93B28E256D1C4A00785FFD /* Game.PrizeRobot.swift in Sources */,
				CE253600255967E900DBA035 /* Session.Bead.swift in Sources */,
				CE2317362556E6470074CD22 /* Game.Title.swift in Sources */,
				CE6324722549AB580051A470 /* Game.Board.Cell.swift in Sources */,
				CEAEB56425557CDB0046E4E9 /* Game.Card.swift in Sources */,
				CE60EDB4254D959A007056BC /* Neumorphic.swift in Sources */,
				CEECC8DA256686F600395B05 /* Menu.swift in Sources */,
				CECC2FCE256BF19D002EE72C /* Positions.swift in Sources */,
				CEB90ED9254ADA5E00F92A7C /* Header.swift in Sources */,
				CEECC8E1256697DD00395B05 /* Menu.Switch.swift in Sources */,
				CE60EDBC254DA523007056BC /* Bead.swift in Sources */,
				CE55B3D12567D5CF006D3F83 /* Game.Prize.swift in Sources */,
				CE65FC38254C3B8A000A78C1 /* Onboard.Second.swift in Sources */,
				CE2B39EB256D24A0004AB84E /* Game.Remove.swift in Sources */,
				CE60EDB8254D9759007056BC /* Onboard.Card.swift in Sources */,
				CEB4C6AC25627DFA0068AEE9 /* Store.Item.swift in Sources */,
				CE7273BF2553FE0900A79BF2 /* Game.Loading.swift in Sources */,
				CE938BC4254C69BD00A7BEC2 /* Onboard.Third.swift in Sources */,
				CE4495B925496A4300ECA6C0 /* App.swift in Sources */,
				CE6E726425541BFB000AB7D2 /* Game.Turn.swift in Sources */,
				CE6E727625542CA5000AB7D2 /* Bead.Base.swift in Sources */,
				CE25360425596A2200DBA035 /* Defaults.Key.swift in Sources */,
			);
			runOnlyForDeploymentPostprocessing = 0;
		};
/* End PBXSourcesBuildPhase section */

/* Begin XCBuildConfiguration section */
		CE4495C225496A4300ECA6C0 /* Debug */ = {
			isa = XCBuildConfiguration;
			buildSettings = {
				ALWAYS_SEARCH_USER_PATHS = NO;
				CLANG_ANALYZER_NONNULL = YES;
				CLANG_ANALYZER_NUMBER_OBJECT_CONVERSION = YES_AGGRESSIVE;
				CLANG_CXX_LANGUAGE_STANDARD = "gnu++14";
				CLANG_CXX_LIBRARY = "libc++";
				CLANG_ENABLE_MODULES = YES;
				CLANG_ENABLE_OBJC_ARC = YES;
				CLANG_ENABLE_OBJC_WEAK = YES;
				CLANG_WARN_BLOCK_CAPTURE_AUTORELEASING = YES;
				CLANG_WARN_BOOL_CONVERSION = YES;
				CLANG_WARN_COMMA = YES;
				CLANG_WARN_CONSTANT_CONVERSION = YES;
				CLANG_WARN_DEPRECATED_OBJC_IMPLEMENTATIONS = YES;
				CLANG_WARN_DIRECT_OBJC_ISA_USAGE = YES_ERROR;
				CLANG_WARN_DOCUMENTATION_COMMENTS = YES;
				CLANG_WARN_EMPTY_BODY = YES;
				CLANG_WARN_ENUM_CONVERSION = YES;
				CLANG_WARN_INFINITE_RECURSION = YES;
				CLANG_WARN_INT_CONVERSION = YES;
				CLANG_WARN_NON_LITERAL_NULL_CONVERSION = YES;
				CLANG_WARN_OBJC_IMPLICIT_RETAIN_SELF = YES;
				CLANG_WARN_OBJC_LITERAL_CONVERSION = YES;
				CLANG_WARN_OBJC_ROOT_CLASS = YES_ERROR;
				CLANG_WARN_QUOTED_INCLUDE_IN_FRAMEWORK_HEADER = YES;
				CLANG_WARN_RANGE_LOOP_ANALYSIS = YES;
				CLANG_WARN_STRICT_PROTOTYPES = YES;
				CLANG_WARN_SUSPICIOUS_MOVE = YES;
				CLANG_WARN_UNGUARDED_AVAILABILITY = YES_AGGRESSIVE;
				CLANG_WARN_UNREACHABLE_CODE = YES;
				CLANG_WARN__DUPLICATE_METHOD_MATCH = YES;
				COPY_PHASE_STRIP = NO;
				CURRENT_PROJECT_VERSION = 1;
				DEBUG_INFORMATION_FORMAT = dwarf;
				ENABLE_STRICT_OBJC_MSGSEND = YES;
				ENABLE_TESTABILITY = YES;
				GCC_C_LANGUAGE_STANDARD = gnu11;
				GCC_DYNAMIC_NO_PIC = NO;
				GCC_NO_COMMON_BLOCKS = YES;
				GCC_OPTIMIZATION_LEVEL = 0;
				GCC_PREPROCESSOR_DEFINITIONS = (
					"DEBUG=1",
					"$(inherited)",
				);
				GCC_WARN_64_TO_32_BIT_CONVERSION = YES;
				GCC_WARN_ABOUT_RETURN_TYPE = YES_ERROR;
				GCC_WARN_UNDECLARED_SELECTOR = YES;
				GCC_WARN_UNINITIALIZED_AUTOS = YES_AGGRESSIVE;
				GCC_WARN_UNUSED_FUNCTION = YES;
				GCC_WARN_UNUSED_VARIABLE = YES;
				IPHONEOS_DEPLOYMENT_TARGET = 14.0;
				MARKETING_VERSION = 1;
				MTL_ENABLE_DEBUG_INFO = INCLUDE_SOURCE;
				MTL_FAST_MATH = YES;
				ONLY_ACTIVE_ARCH = YES;
				PRODUCT_NAME = Glasperlen;
				SDKROOT = iphoneos;
				SWIFT_ACTIVE_COMPILATION_CONDITIONS = DEBUG;
				SWIFT_INSTALL_OBJC_HEADER = NO;
				SWIFT_OPTIMIZATION_LEVEL = "-Onone";
				SWIFT_VERSION = 5.0;
			};
			name = Debug;
		};
		CE4495C325496A4300ECA6C0 /* Release */ = {
			isa = XCBuildConfiguration;
			buildSettings = {
				ALWAYS_SEARCH_USER_PATHS = NO;
				CLANG_ANALYZER_NONNULL = YES;
				CLANG_ANALYZER_NUMBER_OBJECT_CONVERSION = YES_AGGRESSIVE;
				CLANG_CXX_LANGUAGE_STANDARD = "gnu++14";
				CLANG_CXX_LIBRARY = "libc++";
				CLANG_ENABLE_MODULES = YES;
				CLANG_ENABLE_OBJC_ARC = YES;
				CLANG_ENABLE_OBJC_WEAK = YES;
				CLANG_WARN_BLOCK_CAPTURE_AUTORELEASING = YES;
				CLANG_WARN_BOOL_CONVERSION = YES;
				CLANG_WARN_COMMA = YES;
				CLANG_WARN_CONSTANT_CONVERSION = YES;
				CLANG_WARN_DEPRECATED_OBJC_IMPLEMENTATIONS = YES;
				CLANG_WARN_DIRECT_OBJC_ISA_USAGE = YES_ERROR;
				CLANG_WARN_DOCUMENTATION_COMMENTS = YES;
				CLANG_WARN_EMPTY_BODY = YES;
				CLANG_WARN_ENUM_CONVERSION = YES;
				CLANG_WARN_INFINITE_RECURSION = YES;
				CLANG_WARN_INT_CONVERSION = YES;
				CLANG_WARN_NON_LITERAL_NULL_CONVERSION = YES;
				CLANG_WARN_OBJC_IMPLICIT_RETAIN_SELF = YES;
				CLANG_WARN_OBJC_LITERAL_CONVERSION = YES;
				CLANG_WARN_OBJC_ROOT_CLASS = YES_ERROR;
				CLANG_WARN_QUOTED_INCLUDE_IN_FRAMEWORK_HEADER = YES;
				CLANG_WARN_RANGE_LOOP_ANALYSIS = YES;
				CLANG_WARN_STRICT_PROTOTYPES = YES;
				CLANG_WARN_SUSPICIOUS_MOVE = YES;
				CLANG_WARN_UNGUARDED_AVAILABILITY = YES_AGGRESSIVE;
				CLANG_WARN_UNREACHABLE_CODE = YES;
				CLANG_WARN__DUPLICATE_METHOD_MATCH = YES;
				COPY_PHASE_STRIP = NO;
				CURRENT_PROJECT_VERSION = 1;
				DEBUG_INFORMATION_FORMAT = "dwarf-with-dsym";
				ENABLE_NS_ASSERTIONS = NO;
				ENABLE_STRICT_OBJC_MSGSEND = YES;
				GCC_C_LANGUAGE_STANDARD = gnu11;
				GCC_NO_COMMON_BLOCKS = YES;
				GCC_OPTIMIZATION_LEVEL = 3;
				GCC_WARN_64_TO_32_BIT_CONVERSION = YES;
				GCC_WARN_ABOUT_RETURN_TYPE = YES_ERROR;
				GCC_WARN_UNDECLARED_SELECTOR = YES;
				GCC_WARN_UNINITIALIZED_AUTOS = YES_AGGRESSIVE;
				GCC_WARN_UNUSED_FUNCTION = YES;
				GCC_WARN_UNUSED_VARIABLE = YES;
				IPHONEOS_DEPLOYMENT_TARGET = 14.0;
				MARKETING_VERSION = 1;
				MTL_ENABLE_DEBUG_INFO = NO;
				MTL_FAST_MATH = YES;
				PRODUCT_NAME = Glasperlen;
				SDKROOT = iphoneos;
				SWIFT_COMPILATION_MODE = wholemodule;
				SWIFT_INSTALL_OBJC_HEADER = NO;
				SWIFT_OPTIMIZATION_LEVEL = "-O";
				SWIFT_VERSION = 5.0;
				VALIDATE_PRODUCT = YES;
			};
			name = Release;
		};
		CE4495C525496A4300ECA6C0 /* Debug */ = {
			isa = XCBuildConfiguration;
			buildSettings = {
				ASSETCATALOG_COMPILER_APPICON_NAME = AppIcon;
				ASSETCATALOG_COMPILER_GLOBAL_ACCENT_COLOR_NAME = AccentColor;
				CODE_SIGN_STYLE = Automatic;
				DEVELOPMENT_TEAM = 7AMWG3RLHN;
				INFOPLIST_FILE = Info.plist;
				LD_RUNPATH_SEARCH_PATHS = (
					"$(inherited)",
					"@executable_path/Frameworks",
				);
				PRODUCT_BUNDLE_IDENTIFIER = glasperlen;
				TARGETED_DEVICE_FAMILY = "1,2";
			};
			name = Debug;
		};
		CE4495C625496A4300ECA6C0 /* Release */ = {
			isa = XCBuildConfiguration;
			buildSettings = {
				ASSETCATALOG_COMPILER_APPICON_NAME = AppIcon;
				ASSETCATALOG_COMPILER_GLOBAL_ACCENT_COLOR_NAME = AccentColor;
				CODE_SIGN_STYLE = Automatic;
				DEVELOPMENT_TEAM = 7AMWG3RLHN;
				INFOPLIST_FILE = Info.plist;
				LD_RUNPATH_SEARCH_PATHS = (
					"$(inherited)",
					"@executable_path/Frameworks",
				);
				PRODUCT_BUNDLE_IDENTIFIER = glasperlen;
				TARGETED_DEVICE_FAMILY = "1,2";
			};
			name = Release;
		};
/* End XCBuildConfiguration section */

/* Begin XCConfigurationList section */
		CE4495B025496A4300ECA6C0 /* Build configuration list for PBXProject "Glasperlen" */ = {
			isa = XCConfigurationList;
			buildConfigurations = (
				CE4495C225496A4300ECA6C0 /* Debug */,
				CE4495C325496A4300ECA6C0 /* Release */,
			);
			defaultConfigurationIsVisible = 0;
			defaultConfigurationName = Release;
		};
		CE4495C425496A4300ECA6C0 /* Build configuration list for PBXNativeTarget "Glasperlen" */ = {
			isa = XCConfigurationList;
			buildConfigurations = (
				CE4495C525496A4300ECA6C0 /* Debug */,
				CE4495C625496A4300ECA6C0 /* Release */,
			);
			defaultConfigurationIsVisible = 0;
			defaultConfigurationName = Release;
		};
/* End XCConfigurationList section */

/* Begin XCRemoteSwiftPackageReference section */
		CEB90ED1254AD52D00F92A7C /* XCRemoteSwiftPackageReference "magister" */ = {
			isa = XCRemoteSwiftPackageReference;
			repositoryURL = "https://github.com/glasperlen/magister.git";
			requirement = {
				branch = main;
				kind = branch;
			};
		};
/* End XCRemoteSwiftPackageReference section */

/* Begin XCSwiftPackageProductDependency section */
		CEB90ED2254AD52D00F92A7C /* Magister */ = {
			isa = XCSwiftPackageProductDependency;
			package = CEB90ED1254AD52D00F92A7C /* XCRemoteSwiftPackageReference "magister" */;
			productName = Magister;
		};
/* End XCSwiftPackageProductDependency section */
	};
	rootObject = CE4495AD25496A4300ECA6C0 /* Project object */;
}
